
Microsoft Visual Studio Solution File, Format Version 12.00
# Visual Studio Version 17
VisualStudioVersion = 17.9.34714.143
MinimumVisualStudioVersion = 10.0.40219.1
Project("{FAE04EC0-301F-11D3-BF4B-00C04F79EFBC}") = "RealEstate_Dapper_Api", "RealEstate_Dapper_Api\RealEstate_Dapper_Api.csproj", "{81852EEF-A124-4607-8C6B-BF83B0EBDABC}"
EndProject
Project("{FAE04EC0-301F-11D3-BF4B-00C04F79EFBC}") = "RealEstate_Dapper_UI", "RealEstate_Dapper_UI\RealEstate_Dapper_UI.csproj", "{79E8C5D2-92E2-4832-8B95-B1286DB4F988}"
EndProject
Global
	GlobalSection(SolutionConfigurationPlatforms) = preSolution
		Debug|Any CPU = Debug|Any CPU
		Release|Any CPU = Release|Any CPU
	EndGlobalSection
	GlobalSection(ProjectConfigurationPlatforms) = postSolution
		{81852EEF-A124-4607-8C6B-BF83B0EBDABC}.Debug|Any CPU.ActiveCfg = Debug|Any CPU
		{81852EEF-A124-4607-8C6B-BF83B0EBDABC}.Debug|Any CPU.Build.0 = Debug|Any CPU
		{81852EEF-A124-4607-8C6B-BF83B0EBDABC}.Release|Any CPU.ActiveCfg = Release|Any CPU
		{81852EEF-A124-4607-8C6B-BF83B0EBDABC}.Release|Any CPU.Build.0 = Release|Any CPU
		{79E8C5D2-92E2-4832-8B95-B1286DB4F988}.Debug|Any CPU.ActiveCfg = Debug|Any CPU
		{79E8C5D2-92E2-4832-8B95-B1286DB4F988}.Debug|Any CPU.Build.0 = Debug|Any CPU
		{79E8C5D2-92E2-4832-8B95-B1286DB4F988}.Release|Any CPU.ActiveCfg = Release|Any CPU
		{79E8C5D2-92E2-4832-8B95-B1286DB4F988}.Release|Any CPU.Build.0 = Release|Any CPU
	EndGlobalSection
	GlobalSection(SolutionProperties) = preSolution
		HideSolutionNode = FALSE
	EndGlobalSection
	GlobalSection(ExtensibilityGlobals) = postSolution
		SolutionGuid = {04D61C9E-CFAE-4AFD-9212-1C92CDEC9949}
	EndGlobalSection
EndGlobal
